{
  "originHash" : "6a30e69b7a11c76020192495eb7422766135c023ca96311a56d63af5aa02141a",
  "pins" : [
    {
      "identity" : "swift-argument-parser",
      "kind" : "remoteSourceControl",
      "location" : "https://github.com/apple/swift-argument-parser.git",
      "state" : {
        "revision" : "6a52f3251125d74daf04fcbd5e6f08a75d074382",
        "version" : "1.8.2"
      }
    },
    {
      "identity" : "swift-build",
      "kind" : "remoteSourceControl",
      "location" : "https://github.com/swiftlang/swift-build.git",
      "state" : {
        "revision" : "e4f6fc77ebe727657dadfedf50462f5a1a626ead"
      }
    },
    {
      "identity" : "swift-driver",
      "kind" : "remoteSourceControl",
      "location" : "https://github.com/swiftlang/swift-driver.git",
      "state" : {
        "branch" : "main",
        "revision" : "5be9c4daca08e89aa9210aaa0dea286cb8ca89fc"
      }
    },
    {
      "identity" : "swift-llbuild",
      "kind" : "remoteSourceControl",
      "location" : "https://github.com/swiftlang/swift-llbuild.git",
      "state" : {
        "branch" : "main",
        "revision" : "3e472c2b8feb5bf3fdfd206a195b5712654a5371"
      }
    },
    {
      "identity" : "swift-system",
      "kind" : "remoteSourceControl",
      "location" : "https://github.com/apple/swift-system.git",
      "state" : {
        "revision" : "704705c5c51156ede21172a38654d522ce487074",
        "version" : "1.8.0"
      }
    },
    {
      "identity" : "swift-toolchain-sqlite",
      "kind" : "remoteSourceControl",
      "location" : "https://github.com/swiftlang/swift-toolchain-sqlite",
      "state" : {
        "revision" : "cc7ea00f730c2234a332cd264c6e5cdbb6c4f971",
        "version" : "1.0.12"
      }
    },
    {
      "identity" : "swift-tools-protocols",
      "kind" : "remoteSourceControl",
      "location" : "https://github.com/swiftlang/swift-tools-protocols.git",
      "state" : {
        "branch" : "main",
        "revision" : "5b3c1b600da965f08f56ece1a714e1821f29ef34"
      }
    },
    {
      "identity" : "swift-tools-support-core",
      "kind" : "remoteSourceControl",
      "location" : "https://github.com/swiftlang/swift-tools-support-core.git",
      "state" : {
        "branch" : "main",
        "revision" : "a9db0b4a38e30164c7173e1700e06f29fc5627b5"
      }
    }
  ],
  "version" : 3
}
